
Microsoft Visual Studio Solution File, Format Version 12.00
# Visual Studio Version 16
VisualStudioVersion = 16.0.28803.452
MinimumVisualStudioVersion = 10.0.40219.1
Project("{9A19103F-16F7-4668-BE54-9A1E7A4F7556}") = "Chat", "Chat\Chat.csproj", "{EE89DB76-B4A4-46BF-8647-61D8C3693F78}"
EndProject
Project("{2150E333-8FDC-42A3-9474-1A3956D46DE8}") = "Solution Items", "Solution Items", "{75A5FEBE-FFE4-4EEF-A8B5-DEB87C5A0532}"
	ProjectSection(SolutionItems) = preProject
		README.txt = README.txt
	EndProjectSection
EndProject
Global
	GlobalSection(SolutionConfigurationPlatforms) = preSolution
		Debug|Any CPU = Debug|Any CPU
		Release|Any CPU = Release|Any CPU
	EndGlobalSection
	GlobalSection(ProjectConfigurationPlatforms) = postSolution
		{EE89DB76-B4A4-46BF-8647-61D8C3693F78}.Debug|Any CPU.ActiveCfg = Debug|Any CPU
		{EE89DB76-B4A4-46BF-8647-61D8C3693F78}.Debug|Any CPU.Build.0 = Debug|Any CPU
		{EE89DB76-B4A4-46BF-8647-61D8C3693F78}.Release|Any CPU.ActiveCfg = Release|Any CPU
		{EE89DB76-B4A4-46BF-8647-61D8C3693F78}.Release|Any CPU.Build.0 = Release|Any CPU
	EndGlobalSection
	GlobalSection(SolutionProperties) = preSolution
		HideSolutionNode = FALSE
	EndGlobalSection
	GlobalSection(ExtensibilityGlobals) = postSolution
		SolutionGuid = {9C60E4E5-F96A-4C88-82FE-5F5F96E8F1B0}
	EndGlobalSection
EndGlobal
